// !$*UTF8*$!
{
	archiveVersion = 1;
	classes = {
	};
	objectVersion = 46;
	objects = {

/* Begin PBXBuildFile section */
		987C374914EFF14A00EFDC0C /* UIKit.framework in Frameworks */ = {isa = PBXBuildFile; fileRef = 987C374814EFF14A00EFDC0C /* UIKit.framework */; };
		987C374B14EFF14A00EFDC0C /* Foundation.framework in Frameworks */ = {isa = PBXBuildFile; fileRef = 987C374A14EFF14A00EFDC0C /* Foundation.framework */; };
		987C374D14EFF14A00EFDC0C /* CoreGraphics.framework in Frameworks */ = {isa = PBXBuildFile; fileRef = 987C374C14EFF14A00EFDC0C /* CoreGraphics.framework */; };
		987C375314EFF14A00EFDC0C /* InfoPlist.strings in Resources */ = {isa = PBXBuildFile; fileRef = 987C375114EFF14A00EFDC0C /* InfoPlist.strings */; };
		987C375514EFF14A00EFDC0C /* main.m in Sources */ = {isa = PBXBuildFile; fileRef = 987C375414EFF14A00EFDC0C /* main.m */; };
		987C375914EFF14A00EFDC0C /* AppDelegate.m in Sources */ = {isa = PBXBuildFile; fileRef = 987C375814EFF14A00EFDC0C /* AppDelegate.m */; };
		987C375C14EFF14A00EFDC0C /* MainStoryboard_iPhone.storyboard in Resources */ = {isa = PBXBuildFile; fileRef = 987C375A14EFF14A00EFDC0C /* MainStoryboard_iPhone.storyboard */; };
		987C375F14EFF14A00EFDC0C /* MainStoryboard_iPad.storyboard in Resources */ = {isa = PBXBuildFile; fileRef = 987C375D14EFF14A00EFDC0C /* MainStoryboard_iPad.storyboard */; };
		987C376214EFF14A00EFDC0C /* FirstViewController.m in Sources */ = {isa = PBXBuildFile; fileRef = 987C376114EFF14A00EFDC0C /* FirstViewController.m */; };
		987C376414EFF14A00EFDC0C /* first.png in Resources */ = {isa = PBXBuildFile; fileRef = 987C376314EFF14A00EFDC0C /* first.png */; };
		987C376614EFF14A00EFDC0C /* first@2x.png in Resources */ = {isa = PBXBuildFile; fileRef = 987C376514EFF14A00EFDC0C /* first@2x.png */; };
		987C376914EFF14A00EFDC0C /* SecondViewController.m in Sources */ = {isa = PBXBuildFile; fileRef = 987C376814EFF14A00EFDC0C /* SecondViewController.m */; };
		987C376B14EFF14A00EFDC0C /* second.png in Resources */ = {isa = PBXBuildFile; fileRef = 987C376A14EFF14A00EFDC0C /* second.png */; };
		987C376D14EFF14A00EFDC0C /* second@2x.png in Resources */ = {isa = PBXBuildFile; fileRef = 987C376C14EFF14A00EFDC0C /* second@2x.png */; };
/* End PBXBuildFile section */

/* Begin PBXFileReference section */
		987C374414EFF14A00EFDC0C /* WhatDidntIWatch.app */ = {isa = PBXFileReference; explicitFileType = wrapper.application; includeInIndex = 0; path = WhatDidntIWatch.app; sourceTree = BUILT_PRODUCTS_DIR; };
		987C374814EFF14A00EFDC0C /* UIKit.framework */ = {isa = PBXFileReference; lastKnownFileType = wrapper.framework; name = UIKit.framework; path = System/Library/Frameworks/UIKit.framework; sourceTree = SDKROOT; };
		987C374A14EFF14A00EFDC0C /* Foundation.framework */ = {isa = PBXFileReference; lastKnownFileType = wrapper.framework; name = Foundation.framework; path = System/Library/Frameworks/Foundation.framework; sourceTree = SDKROOT; };
		987C374C14EFF14A00EFDC0C /* CoreGraphics.framework */ = {isa = PBXFileReference; lastKnownFileType = wrapper.framework; name = CoreGraphics.framework; path = System/Library/Frameworks/CoreGraphics.framework; sourceTree = SDKROOT; };
		987C375014EFF14A00EFDC0C /* WhatDidntIWatch-Info.plist */ = {isa = PBXFileReference; lastKnownFileType = text.plist.xml; path = "WhatDidntIWatch-Info.plist"; sourceTree = "<group>"; };
		987C375214EFF14A00EFDC0C /* en */ = {isa = PBXFileReference; lastKnownFileType = text.plist.strings; name = en; path = en.lproj/InfoPlist.strings; sourceTree = "<group>"; };
		987C375414EFF14A00EFDC0C /* main.m */ = {isa = PBXFileReference; lastKnownFileType = sourcecode.c.objc; path = main.m; sourceTree = "<group>"; };
		987C375614EFF14A00EFDC0C /* WhatDidntIWatch-Prefix.pch */ = {isa = PBXFileReference; lastKnownFileType = sourcecode.c.h; path = "WhatDidntIWatch-Prefix.pch"; sourceTree = "<group>"; };
		987C375714EFF14A00EFDC0C /* AppDelegate.h */ = {isa = PBXFileReference; lastKnownFileType = sourcecode.c.h; path = AppDelegate.h; sourceTree = "<group>"; };
		987C375814EFF14A00EFDC0C /* AppDelegate.m */ = {isa = PBXFileReference; lastKnownFileType = sourcecode.c.objc; path = AppDelegate.m; sourceTree = "<group>"; };
		987C375B14EFF14A00EFDC0C /* en */ = {isa = PBXFileReference; lastKnownFileType = file.storyboard; name = en; path = en.lproj/MainStoryboard_iPhone.storyboard; sourceTree = "<group>"; };
		987C375E14EFF14A00EFDC0C /* en */ = {isa = PBXFileReference; lastKnownFileType = file.storyboard; name = en; path = en.lproj/MainStoryboard_iPad.storyboard; sourceTree = "<group>"; };
		987C376014EFF14A00EFDC0C /* FirstViewController.h */ = {isa = PBXFileReference; lastKnownFileType = sourcecode.c.h; path = FirstViewController.h; sourceTree = "<group>"; };
		987C376114EFF14A00EFDC0C /* FirstViewController.m */ = {isa = PBXFileReference; lastKnownFileType = sourcecode.c.objc; path = FirstViewController.m; sourceTree = "<group>"; };
		987C376314EFF14A00EFDC0C /* first.png */ = {isa = PBXFileReference; lastKnownFileType = image.png; path = first.png; sourceTree = "<group>"; };
		987C376514EFF14A00EFDC0C /* first@2x.png */ = {isa = PBXFileReference; lastKnownFileType = image.png; path = "first@2x.png"; sourceTree = "<group>"; };
		987C376714EFF14A00EFDC0C /* SecondViewController.h */ = {isa = PBXFileReference; lastKnownFileType = sourcecode.c.h; path = SecondViewController.h; sourceTree = "<group>"; };
		987C376814EFF14A00EFDC0C /* SecondViewController.m */ = {isa = PBXFileReference; lastKnownFileType = sourcecode.c.objc; path = SecondViewController.m; sourceTree = "<group>"; };
		987C376A14EFF14A00EFDC0C /* second.png */ = {isa = PBXFileReference; lastKnownFileType = image.png; path = second.png; sourceTree = "<group>"; };
		987C376C14EFF14A00EFDC0C /* second@2x.png */ = {isa = PBXFileReference; lastKnownFileType = image.png; path = "second@2x.png"; sourceTree = "<group>"; };
/* End PBXFileReference section */

/* Begin PBXFrameworksBuildPhase section */
		987C374114EFF14A00EFDC0C /* Frameworks */ = {
			isa = PBXFrameworksBuildPhase;
			buildActionMask = 2147483647;
			files = (
				987C374914EFF14A00EFDC0C /* UIKit.framework in Frameworks */,
				987C374B14EFF14A00EFDC0C /* Foundation.framework in Frameworks */,
				987C374D14EFF14A00EFDC0C /* CoreGraphics.framework in Frameworks */,
			);
			runOnlyForDeploymentPostprocessing = 0;
		};
/* End PBXFrameworksBuildPhase section */

/* Begin PBXGroup section */
		987C373914EFF14A00EFDC0C = {
			isa = PBXGroup;
			children = (
				987C374E14EFF14A00EFDC0C /* WhatDidntIWatch */,
				987C374714EFF14A00EFDC0C /* Frameworks */,
				987C374514EFF14A00EFDC0C /* Products */,
			);
			sourceTree = "<group>";
		};
		987C374514EFF14A00EFDC0C /* Products */ = {
			isa = PBXGroup;
			children = (
				987C374414EFF14A00EFDC0C /* WhatDidntIWatch.app */,
			);
			name = Products;
			sourceTree = "<group>";
		};
		987C374714EFF14A00EFDC0C /* Frameworks */ = {
			isa = PBXGroup;
			children = (
				987C374814EFF14A00EFDC0C /* UIKit.framework */,
				987C374A14EFF14A00EFDC0C /* Foundation.framework */,
				987C374C14EFF14A00EFDC0C /* CoreGraphics.framework */,
			);
			name = Frameworks;
			sourceTree = "<group>";
		};
		987C374E14EFF14A00EFDC0C /* WhatDidntIWatch */ = {
			isa = PBXGroup;
			children = (
				987C375714EFF14A00EFDC0C /* AppDelegate.h */,
				987C375814EFF14A00EFDC0C /* AppDelegate.m */,
				987C375A14EFF14A00EFDC0C /* MainStoryboard_iPhone.storyboard */,
				987C375D14EFF14A00EFDC0C /* MainStoryboard_iPad.storyboard */,
				987C376014EFF14A00EFDC0C /* FirstViewController.h */,
				987C376114EFF14A00EFDC0C /* FirstViewController.m */,
				987C376314EFF14A00EFDC0C /* first.png */,
				987C376514EFF14A00EFDC0C /* first@2x.png */,
				987C376714EFF14A00EFDC0C /* SecondViewController.h */,
				987C376814EFF14A00EFDC0C /* SecondViewController.m */,
				987C376A14EFF14A00EFDC0C /* second.png */,
				987C376C14EFF14A00EFDC0C /* second@2x.png */,
				987C374F14EFF14A00EFDC0C /* Supporting Files */,
			);
			path = WhatDidntIWatch;
			sourceTree = "<group>";
		};
		987C374F14EFF14A00EFDC0C /* Supporting Files */ = {
			isa = PBXGroup;
			children = (
				987C375014EFF14A00EFDC0C /* WhatDidntIWatch-Info.plist */,
				987C375114EFF14A00EFDC0C /* InfoPlist.strings */,
				987C375414EFF14A00EFDC0C /* main.m */,
				987C375614EFF14A00EFDC0C /* WhatDidntIWatch-Prefix.pch */,
			);
			name = "Supporting Files";
			sourceTree = "<group>";
		};
/* End PBXGroup section */

/* Begin PBXNativeTarget section */
		987C374314EFF14A00EFDC0C /* WhatDidntIWatch */ = {
			isa = PBXNativeTarget;
			buildConfigurationList = 987C377014EFF14A00EFDC0C /* Build configuration list for PBXNativeTarget "WhatDidntIWatch" */;
			buildPhases = (
				987C374014EFF14A00EFDC0C /* Sources */,
				987C374114EFF14A00EFDC0C /* Frameworks */,
				987C374214EFF14A00EFDC0C /* Resources */,
			);
			buildRules = (
			);
			dependencies = (
			);
			name = WhatDidntIWatch;
			productName = WhatDidntIWatch;
			productReference = 987C374414EFF14A00EFDC0C /* WhatDidntIWatch.app */;
			productType = "com.apple.product-type.application";
		};
/* End PBXNativeTarget section */

/* Begin PBXProject section */
		987C373B14EFF14A00EFDC0C /* Project object */ = {
			isa = PBXProject;
			attributes = {
				LastUpgradeCheck = 0420;
			};
			buildConfigurationList = 987C373E14EFF14A00EFDC0C /* Build configuration list for PBXProject "WhatDidntIWatch" */;
			compatibilityVersion = "Xcode 3.2";
			developmentRegion = English;
			hasScannedForEncodings = 0;
			knownRegions = (
				en,
			);
			mainGroup = 987C373914EFF14A00EFDC0C;
			productRefGroup = 987C374514EFF14A00EFDC0C /* Products */;
			projectDirPath = "";
			projectRoot = "";
			targets = (
				987C374314EFF14A00EFDC0C /* WhatDidntIWatch */,
			);
		};
/* End PBXProject section */

/* Begin PBXResourcesBuildPhase section */
		987C374214EFF14A00EFDC0C /* Resources */ = {
			isa = PBXResourcesBuildPhase;
			buildActionMask = 2147483647;
			files = (
				987C375314EFF14A00EFDC0C /* InfoPlist.strings in Resources */,
				987C375C14EFF14A00EFDC0C /* MainStoryboard_iPhone.storyboard in Resources */,
				987C375F14EFF14A00EFDC0C /* MainStoryboard_iPad.storyboard in Resources */,
				987C376414EFF14A00EFDC0C /* first.png in Resources */,
				987C376614EFF14A00EFDC0C /* first@2x.png in Resources */,
				987C376B14EFF14A00EFDC0C /* second.png in Resources */,
				987C376D14EFF14A00EFDC0C /* second@2x.png in Resources */,
			);
			runOnlyForDeploymentPostprocessing = 0;
		};
/* End PBXResourcesBuildPhase section */

/* Begin PBXSourcesBuildPhase section */
		987C374014EFF14A00EFDC0C /* Sources */ = {
			isa = PBXSourcesBuildPhase;
			buildActionMask = 2147483647;
			files = (
				987C375514EFF14A00EFDC0C /* main.m in Sources */,
				987C375914EFF14A00EFDC0C /* AppDelegate.m in Sources */,
				987C376214EFF14A00EFDC0C /* FirstViewController.m in Sources */,
				987C376914EFF14A00EFDC0C /* SecondViewController.m in Sources */,
			);
			runOnlyForDeploymentPostprocessing = 0;
		};
/* End PBXSourcesBuildPhase section */

/* Begin PBXVariantGroup section */
		987C375114EFF14A00EFDC0C /* InfoPlist.strings */ = {
			isa = PBXVariantGroup;
			children = (
				987C375214EFF14A00EFDC0C /* en */,
			);
			name = InfoPlist.strings;
			sourceTree = "<group>";
		};
		987C375A14EFF14A00EFDC0C /* MainStoryboard_iPhone.storyboard */ = {
			isa = PBXVariantGroup;
			children = (
				987C375B14EFF14A00EFDC0C /* en */,
			);
			name = MainStoryboard_iPhone.storyboard;
			sourceTree = "<group>";
		};
		987C375D14EFF14A00EFDC0C /* MainStoryboard_iPad.storyboard */ = {
			isa = PBXVariantGroup;
			children = (
				987C375E14EFF14A00EFDC0C /* en */,
			);
			name = MainStoryboard_iPad.storyboard;
			sourceTree = "<group>";
		};
/* End PBXVariantGroup section */

/* Begin XCBuildConfiguration section */
		987C376E14EFF14A00EFDC0C /* Debug */ = {
			isa = XCBuildConfiguration;
			buildSettings = {
				ALWAYS_SEARCH_USER_PATHS = NO;
				ARCHS = "$(ARCHS_STANDARD_32_BIT)";
				CLANG_ENABLE_OBJC_ARC = YES;
				"CODE_SIGN_IDENTITY[sdk=iphoneos*]" = "iPhone Developer";
				COPY_PHASE_STRIP = NO;
				GCC_C_LANGUAGE_STANDARD = gnu99;
				GCC_DYNAMIC_NO_PIC = NO;
				GCC_OPTIMIZATION_LEVEL = 0;
				GCC_PREPROCESSOR_DEFINITIONS = (
					"DEBUG=1",
					"$(inherited)",
				);
				GCC_SYMBOLS_PRIVATE_EXTERN = NO;
				GCC_VERSION = com.apple.compilers.llvm.clang.1_0;
				GCC_WARN_ABOUT_MISSING_PROTOTYPES = YES;
				GCC_WARN_ABOUT_RETURN_TYPE = YES;
				GCC_WARN_UNUSED_VARIABLE = YES;
				IPHONEOS_DEPLOYMENT_TARGET = 5.0;
				SDKROOT = iphoneos;
				TARGETED_DEVICE_FAMILY = "1,2";
			};
			name = Debug;
		};
		987C376F14EFF14A00EFDC0C /* Release */ = {
			isa = XCBuildConfiguration;
			buildSettings = {
				ALWAYS_SEARCH_USER_PATHS = NO;
				ARCHS = "$(ARCHS_STANDARD_32_BIT)";
				CLANG_ENABLE_OBJC_ARC = YES;
				"CODE_SIGN_IDENTITY[sdk=iphoneos*]" = "iPhone Developer";
				COPY_PHASE_STRIP = YES;
				GCC_C_LANGUAGE_STANDARD = gnu99;
				GCC_VERSION = com.apple.compilers.llvm.clang.1_0;
				GCC_WARN_ABOUT_MISSING_PROTOTYPES = YES;
				GCC_WARN_ABOUT_RETURN_TYPE = YES;
				GCC_WARN_UNUSED_VARIABLE = YES;
				IPHONEOS_DEPLOYMENT_TARGET = 5.0;
				OTHER_CFLAGS = "-DNS_BLOCK_ASSERTIONS=1";
				SDKROOT = iphoneos;
				TARGETED_DEVICE_FAMILY = "1,2";
				VALIDATE_PRODUCT = YES;
			};
			name = Release;
		};
		987C377114EFF14A00EFDC0C /* Debug */ = {
			isa = XCBuildConfiguration;
			buildSettings = {
				GCC_PRECOMPILE_PREFIX_HEADER = YES;
				GCC_PREFIX_HEADER = "WhatDidntIWatch/WhatDidntIWatch-Prefix.pch";
				INFOPLIST_FILE = "WhatDidntIWatch/WhatDidntIWatch-Info.plist";
				PRODUCT_NAME = "$(TARGET_NAME)";
				WRAPPER_EXTENSION = app;
			};
			name = Debug;
		};
		987C377214EFF14A00EFDC0C /* Release */ = {
			isa = XCBuildConfiguration;
			buildSettings = {
				GCC_PRECOMPILE_PREFIX_HEADER = YES;
				GCC_PREFIX_HEADER = "WhatDidntIWatch/WhatDidntIWatch-Prefix.pch";
				INFOPLIST_FILE = "WhatDidntIWatch/WhatDidntIWatch-Info.plist";
				PRODUCT_NAME = "$(TARGET_NAME)";
				WRAPPER_EXTENSION = app;
			};
			name = Release;
		};
/* End XCBuildConfiguration section */

/* Begin XCConfigurationList section */
		987C373E14EFF14A00EFDC0C /* Build configuration list for PBXProject "WhatDidntIWatch" */ = {
			isa = XCConfigurationList;
			buildConfigurations = (
				987C376E14EFF14A00EFDC0C /* Debug */,
				987C376F14EFF14A00EFDC0C /* Release */,
			);
			defaultConfigurationIsVisible = 0;
			defaultConfigurationName = Release;
		};
		987C377014EFF14A00EFDC0C /* Build configuration list for PBXNativeTarget "WhatDidntIWatch" */ = {
			isa = XCConfigurationList;
			buildConfigurations = (
				987C377114EFF14A00EFDC0C /* Debug */,
				987C377214EFF14A00EFDC0C /* Release */,
			);
			defaultConfigurationIsVisible = 0;
		};
/* End XCConfigurationList section */
	};
	rootObject = 987C373B14EFF14A00EFDC0C /* Project object */;
}
